
Microsoft Visual Studio Solution File, Format Version 12.00
# Visual Studio Version 16
VisualStudioVersion = 16.0.30804.86
MinimumVisualStudioVersion = 10.0.40219.1
Project("{FAE04EC0-301F-11D3-BF4B-00C04F79EFBC}") = "Web-Ng-API", "Wep and Api\Web-Ng-API\Web-Ng-API.csproj", "{A6D9E1CE-930A-487A-9D1B-713941DBADA5}"
EndProject
Global
	GlobalSection(SolutionConfigurationPlatforms) = preSolution
		Debug|Any CPU = Debug|Any CPU
		Release|Any CPU = Release|Any CPU
	EndGlobalSection
	GlobalSection(ProjectConfigurationPlatforms) = postSolution
		{A6D9E1CE-930A-487A-9D1B-713941DBADA5}.Debug|Any CPU.ActiveCfg = Debug|Any CPU
		{A6D9E1CE-930A-487A-9D1B-713941DBADA5}.Debug|Any CPU.Build.0 = Debug|Any CPU
		{A6D9E1CE-930A-487A-9D1B-713941DBADA5}.Release|Any CPU.ActiveCfg = Release|Any CPU
		{A6D9E1CE-930A-487A-9D1B-713941DBADA5}.Release|Any CPU.Build.0 = Release|Any CPU
	EndGlobalSection
	GlobalSection(SolutionProperties) = preSolution
		HideSolutionNode = FALSE
	EndGlobalSection
	GlobalSection(ExtensibilityGlobals) = postSolution
		SolutionGuid = {55FA21B7-93BA-4DE8-9A0A-7CB054DC3845}
	EndGlobalSection
EndGlobal
