
Microsoft Visual Studio Solution File, Format Version 12.00
# Visual Studio Version 16
VisualStudioVersion = 16.0.30804.86
MinimumVisualStudioVersion = 10.0.40219.1
Project("{FAE04EC0-301F-11D3-BF4B-00C04F79EFBC}") = "Transacciones", "Transacciones.csproj", "{B8E79365-5F8D-472A-9BE3-0FF2B620008C}"
EndProject
Global
	GlobalSection(SolutionConfigurationPlatforms) = preSolution
		Debug|Any CPU = Debug|Any CPU
		Release|Any CPU = Release|Any CPU
	EndGlobalSection
	GlobalSection(ProjectConfigurationPlatforms) = postSolution
		{B8E79365-5F8D-472A-9BE3-0FF2B620008C}.Debug|Any CPU.ActiveCfg = Debug|Any CPU
		{B8E79365-5F8D-472A-9BE3-0FF2B620008C}.Debug|Any CPU.Build.0 = Debug|Any CPU
		{B8E79365-5F8D-472A-9BE3-0FF2B620008C}.Release|Any CPU.ActiveCfg = Release|Any CPU
		{B8E79365-5F8D-472A-9BE3-0FF2B620008C}.Release|Any CPU.Build.0 = Release|Any CPU
	EndGlobalSection
	GlobalSection(SolutionProperties) = preSolution
		HideSolutionNode = FALSE
	EndGlobalSection
	GlobalSection(ExtensibilityGlobals) = postSolution
		SolutionGuid = {BB65A7DE-4354-49B2-A16C-F8AA413ADFA8}
	EndGlobalSection
EndGlobal
