
Microsoft Visual Studio Solution File, Format Version 12.00
# Visual Studio Version 16
VisualStudioVersion = 16.0.30804.86
MinimumVisualStudioVersion = 10.0.40219.1
Project("{9A19103F-16F7-4668-BE54-9A1E7A4F7556}") = "Hilo", "Hilo\Hilo.csproj", "{3CD5C62C-E3B6-4D68-9C45-2A095EC1D65C}"
EndProject
Project("{FAE04EC0-301F-11D3-BF4B-00C04F79EFBC}") = "HiloPool", "HiloPool\HiloPool.csproj", "{7B6E65E3-A3ED-427F-8D7D-1AB885156F18}"
EndProject
Global
	GlobalSection(SolutionConfigurationPlatforms) = preSolution
		Debug|Any CPU = Debug|Any CPU
		Release|Any CPU = Release|Any CPU
	EndGlobalSection
	GlobalSection(ProjectConfigurationPlatforms) = postSolution
		{3CD5C62C-E3B6-4D68-9C45-2A095EC1D65C}.Debug|Any CPU.ActiveCfg = Debug|Any CPU
		{3CD5C62C-E3B6-4D68-9C45-2A095EC1D65C}.Debug|Any CPU.Build.0 = Debug|Any CPU
		{3CD5C62C-E3B6-4D68-9C45-2A095EC1D65C}.Release|Any CPU.ActiveCfg = Release|Any CPU
		{3CD5C62C-E3B6-4D68-9C45-2A095EC1D65C}.Release|Any CPU.Build.0 = Release|Any CPU
		{7B6E65E3-A3ED-427F-8D7D-1AB885156F18}.Debug|Any CPU.ActiveCfg = Debug|Any CPU
		{7B6E65E3-A3ED-427F-8D7D-1AB885156F18}.Debug|Any CPU.Build.0 = Debug|Any CPU
		{7B6E65E3-A3ED-427F-8D7D-1AB885156F18}.Release|Any CPU.ActiveCfg = Release|Any CPU
		{7B6E65E3-A3ED-427F-8D7D-1AB885156F18}.Release|Any CPU.Build.0 = Release|Any CPU
	EndGlobalSection
	GlobalSection(SolutionProperties) = preSolution
		HideSolutionNode = FALSE
	EndGlobalSection
	GlobalSection(ExtensibilityGlobals) = postSolution
		SolutionGuid = {FDEA973B-9761-4A79-9ECE-EBD3016DB2AD}
	EndGlobalSection
EndGlobal
